
Microsoft Visual Studio Solution File, Format Version 12.00
# Visual Studio Version 17
VisualStudioVersion = 17.4.33213.308
MinimumVisualStudioVersion = 10.0.40219.1
Project("{FAE04EC0-301F-11D3-BF4B-00C04F79EFBC}") = "Northwind", "Northwind\Northwind.csproj", "{459426C7-7EF6-4CE8-B13E-D6559FE5EAA8}"
EndProject
Global
	GlobalSection(SolutionConfigurationPlatforms) = preSolution
		Debug|Any CPU = Debug|Any CPU
		Release|Any CPU = Release|Any CPU
	EndGlobalSection
	GlobalSection(ProjectConfigurationPlatforms) = postSolution
		{459426C7-7EF6-4CE8-B13E-D6559FE5EAA8}.Debug|Any CPU.ActiveCfg = Debug|Any CPU
		{459426C7-7EF6-4CE8-B13E-D6559FE5EAA8}.Debug|Any CPU.Build.0 = Debug|Any CPU
		{459426C7-7EF6-4CE8-B13E-D6559FE5EAA8}.Release|Any CPU.ActiveCfg = Release|Any CPU
		{459426C7-7EF6-4CE8-B13E-D6559FE5EAA8}.Release|Any CPU.Build.0 = Release|Any CPU
	EndGlobalSection
	GlobalSection(SolutionProperties) = preSolution
		HideSolutionNode = FALSE
	EndGlobalSection
	GlobalSection(ExtensibilityGlobals) = postSolution
		SolutionGuid = {EB3D3F60-9DE9-44DA-82AF-16444AFED1A2}
	EndGlobalSection
EndGlobal
